
Microsoft Visual Studio Solution File, Format Version 12.00
# Visual Studio 15
Project("{FAE04EC0-301F-11D3-BF4B-00C04F79EFBC}") = "BusinessApp", "BusinessApp\BusinessApp.csproj", "{3198FD18-348F-490C-A9F8-74394FAEEC0F}"
EndProject
Global
	GlobalSection(SolutionConfigurationPlatforms) = preSolution
		Debug|Any CPU = Debug|Any CPU
		Release|Any CPU = Release|Any CPU
	EndGlobalSection
	GlobalSection(ProjectConfigurationPlatforms) = postSolution
		{3198FD18-348F-490C-A9F8-74394FAEEC0F}.Debug|Any CPU.ActiveCfg = Debug|Any CPU
		{3198FD18-348F-490C-A9F8-74394FAEEC0F}.Debug|Any CPU.Build.0 = Debug|Any CPU
		{3198FD18-348F-490C-A9F8-74394FAEEC0F}.Release|Any CPU.ActiveCfg = Release|Any CPU
		{3198FD18-348F-490C-A9F8-74394FAEEC0F}.Release|Any CPU.Build.0 = Release|Any CPU
	EndGlobalSection
EndGlobal
